// !$*UTF8*$!
{
	archiveVersion = 1;
	classes = {
	};
	objectVersion = 56;
	objects = {

/* Begin PBXBuildFile section */
		198C22272988041F00557406 /* AppDelegate.swift in Sources */ = {isa = PBXBuildFile; fileRef = 198C22262988041F00557406 /* AppDelegate.swift */; };
		198C22292988042000557406 /* SceneDelegate.swift in Sources */ = {isa = PBXBuildFile; fileRef = 198C22282988042000557406 /* SceneDelegate.swift */; };
		198C222B2988042000557406 /* ViewController.swift in Sources */ = {isa = PBXBuildFile; fileRef = 198C222A2988042000557406 /* ViewController.swift */; };
		198C222E2988042000557406 /* Main.storyboard in Resources */ = {isa = PBXBuildFile; fileRef = 198C222C2988042000557406 /* Main.storyboard */; };
		198C22302988042100557406 /* Assets.xcassets in Resources */ = {isa = PBXBuildFile; fileRef = 198C222F2988042100557406 /* Assets.xcassets */; };
		198C22332988042100557406 /* LaunchScreen.storyboard in Resources */ = {isa = PBXBuildFile; fileRef = 198C22312988042100557406 /* LaunchScreen.storyboard */; };
		198C223E2988042100557406 /* ReactiveWorksAppTests.swift in Sources */ = {isa = PBXBuildFile; fileRef = 198C223D2988042100557406 /* ReactiveWorksAppTests.swift */; };
		198C22482988042100557406 /* ReactiveWorksAppUITests.swift in Sources */ = {isa = PBXBuildFile; fileRef = 198C22472988042100557406 /* ReactiveWorksAppUITests.swift */; };
		198C224A2988042100557406 /* ReactiveWorksAppUITestsLaunchTests.swift in Sources */ = {isa = PBXBuildFile; fileRef = 198C22492988042100557406 /* ReactiveWorksAppUITestsLaunchTests.swift */; };
		198C22582988046C00557406 /* ReactiveWorks in Frameworks */ = {isa = PBXBuildFile; productRef = 198C22572988046C00557406 /* ReactiveWorks */; };
		19F51EC2298A7E5600346D83 /* Anchorage in Frameworks */ = {isa = PBXBuildFile; productRef = 19F51EC1298A7E5600346D83 /* Anchorage */; };
/* End PBXBuildFile section */

/* Begin PBXContainerItemProxy section */
		198C223A2988042100557406 /* PBXContainerItemProxy */ = {
			isa = PBXContainerItemProxy;
			containerPortal = 198C221B2988041F00557406 /* Project object */;
			proxyType = 1;
			remoteGlobalIDString = 198C22222988041F00557406;
			remoteInfo = ReactiveWorksApp;
		};
		198C22442988042100557406 /* PBXContainerItemProxy */ = {
			isa = PBXContainerItemProxy;
			containerPortal = 198C221B2988041F00557406 /* Project object */;
			proxyType = 1;
			remoteGlobalIDString = 198C22222988041F00557406;
			remoteInfo = ReactiveWorksApp;
		};
/* End PBXContainerItemProxy section */

/* Begin PBXFileReference section */
		198C22232988041F00557406 /* ReactiveWorksApp.app */ = {isa = PBXFileReference; explicitFileType = wrapper.application; includeInIndex = 0; path = ReactiveWorksApp.app; sourceTree = BUILT_PRODUCTS_DIR; };
		198C22262988041F00557406 /* AppDelegate.swift */ = {isa = PBXFileReference; lastKnownFileType = sourcecode.swift; path = AppDelegate.swift; sourceTree = "<group>"; };
		198C22282988042000557406 /* SceneDelegate.swift */ = {isa = PBXFileReference; lastKnownFileType = sourcecode.swift; path = SceneDelegate.swift; sourceTree = "<group>"; };
		198C222A2988042000557406 /* ViewController.swift */ = {isa = PBXFileReference; lastKnownFileType = sourcecode.swift; path = ViewController.swift; sourceTree = "<group>"; };
		198C222D2988042000557406 /* Base */ = {isa = PBXFileReference; lastKnownFileType = file.storyboard; name = Base; path = Base.lproj/Main.storyboard; sourceTree = "<group>"; };
		198C222F2988042100557406 /* Assets.xcassets */ = {isa = PBXFileReference; lastKnownFileType = folder.assetcatalog; path = Assets.xcassets; sourceTree = "<group>"; };
		198C22322988042100557406 /* Base */ = {isa = PBXFileReference; lastKnownFileType = file.storyboard; name = Base; path = Base.lproj/LaunchScreen.storyboard; sourceTree = "<group>"; };
		198C22342988042100557406 /* Info.plist */ = {isa = PBXFileReference; lastKnownFileType = text.plist.xml; path = Info.plist; sourceTree = "<group>"; };
		198C22392988042100557406 /* ReactiveWorksAppTests.xctest */ = {isa = PBXFileReference; explicitFileType = wrapper.cfbundle; includeInIndex = 0; path = ReactiveWorksAppTests.xctest; sourceTree = BUILT_PRODUCTS_DIR; };
		198C223D2988042100557406 /* ReactiveWorksAppTests.swift */ = {isa = PBXFileReference; lastKnownFileType = sourcecode.swift; path = ReactiveWorksAppTests.swift; sourceTree = "<group>"; };
		198C22432988042100557406 /* ReactiveWorksAppUITests.xctest */ = {isa = PBXFileReference; explicitFileType = wrapper.cfbundle; includeInIndex = 0; path = ReactiveWorksAppUITests.xctest; sourceTree = BUILT_PRODUCTS_DIR; };
		198C22472988042100557406 /* ReactiveWorksAppUITests.swift */ = {isa = PBXFileReference; lastKnownFileType = sourcecode.swift; path = ReactiveWorksAppUITests.swift; sourceTree = "<group>"; };
		198C22492988042100557406 /* ReactiveWorksAppUITestsLaunchTests.swift */ = {isa = PBXFileReference; lastKnownFileType = sourcecode.swift; path = ReactiveWorksAppUITestsLaunchTests.swift; sourceTree = "<group>"; };
/* End PBXFileReference section */

/* Begin PBXFrameworksBuildPhase section */
		198C22202988041F00557406 /* Frameworks */ = {
			isa = PBXFrameworksBuildPhase;
			buildActionMask = 2147483647;
			files = (
				198C22582988046C00557406 /* ReactiveWorks in Frameworks */,
				19F51EC2298A7E5600346D83 /* Anchorage in Frameworks */,
			);
			runOnlyForDeploymentPostprocessing = 0;
		};
		198C22362988042100557406 /* Frameworks */ = {
			isa = PBXFrameworksBuildPhase;
			buildActionMask = 2147483647;
			files = (
			);
			runOnlyForDeploymentPostprocessing = 0;
		};
		198C22402988042100557406 /* Frameworks */ = {
			isa = PBXFrameworksBuildPhase;
			buildActionMask = 2147483647;
			files = (
			);
			runOnlyForDeploymentPostprocessing = 0;
		};
/* End PBXFrameworksBuildPhase section */

/* Begin PBXGroup section */
		198C221A2988041F00557406 = {
			isa = PBXGroup;
			children = (
				198C22252988041F00557406 /* ReactiveWorksApp */,
				198C223C2988042100557406 /* ReactiveWorksAppTests */,
				198C22462988042100557406 /* ReactiveWorksAppUITests */,
				198C22242988041F00557406 /* Products */,
			);
			sourceTree = "<group>";
		};
		198C22242988041F00557406 /* Products */ = {
			isa = PBXGroup;
			children = (
				198C22232988041F00557406 /* ReactiveWorksApp.app */,
				198C22392988042100557406 /* ReactiveWorksAppTests.xctest */,
				198C22432988042100557406 /* ReactiveWorksAppUITests.xctest */,
			);
			name = Products;
			sourceTree = "<group>";
		};
		198C22252988041F00557406 /* ReactiveWorksApp */ = {
			isa = PBXGroup;
			children = (
				198C22262988041F00557406 /* AppDelegate.swift */,
				198C22282988042000557406 /* SceneDelegate.swift */,
				198C222A2988042000557406 /* ViewController.swift */,
				198C222C2988042000557406 /* Main.storyboard */,
				198C222F2988042100557406 /* Assets.xcassets */,
				198C22312988042100557406 /* LaunchScreen.storyboard */,
				198C22342988042100557406 /* Info.plist */,
			);
			path = ReactiveWorksApp;
			sourceTree = "<group>";
		};
		198C223C2988042100557406 /* ReactiveWorksAppTests */ = {
			isa = PBXGroup;
			children = (
				198C223D2988042100557406 /* ReactiveWorksAppTests.swift */,
			);
			path = ReactiveWorksAppTests;
			sourceTree = "<group>";
		};
		198C22462988042100557406 /* ReactiveWorksAppUITests */ = {
			isa = PBXGroup;
			children = (
				198C22472988042100557406 /* ReactiveWorksAppUITests.swift */,
				198C22492988042100557406 /* ReactiveWorksAppUITestsLaunchTests.swift */,
			);
			path = ReactiveWorksAppUITests;
			sourceTree = "<group>";
		};
/* End PBXGroup section */

/* Begin PBXNativeTarget section */
		198C22222988041F00557406 /* ReactiveWorksApp */ = {
			isa = PBXNativeTarget;
			buildConfigurationList = 198C224D2988042100557406 /* Build configuration list for PBXNativeTarget "ReactiveWorksApp" */;
			buildPhases = (
				198C221F2988041F00557406 /* Sources */,
				198C22202988041F00557406 /* Frameworks */,
				198C22212988041F00557406 /* Resources */,
			);
			buildRules = (
			);
			dependencies = (
			);
			name = ReactiveWorksApp;
			packageProductDependencies = (
				198C22572988046C00557406 /* ReactiveWorks */,
				19F51EC1298A7E5600346D83 /* Anchorage */,
			);
			productName = ReactiveWorksApp;
			productReference = 198C22232988041F00557406 /* ReactiveWorksApp.app */;
			productType = "com.apple.product-type.application";
		};
		198C22382988042100557406 /* ReactiveWorksAppTests */ = {
			isa = PBXNativeTarget;
			buildConfigurationList = 198C22502988042100557406 /* Build configuration list for PBXNativeTarget "ReactiveWorksAppTests" */;
			buildPhases = (
				198C22352988042100557406 /* Sources */,
				198C22362988042100557406 /* Frameworks */,
				198C22372988042100557406 /* Resources */,
			);
			buildRules = (
			);
			dependencies = (
				198C223B2988042100557406 /* PBXTargetDependency */,
			);
			name = ReactiveWorksAppTests;
			productName = ReactiveWorksAppTests;
			productReference = 198C22392988042100557406 /* ReactiveWorksAppTests.xctest */;
			productType = "com.apple.product-type.bundle.unit-test";
		};
		198C22422988042100557406 /* ReactiveWorksAppUITests */ = {
			isa = PBXNativeTarget;
			buildConfigurationList = 198C22532988042100557406 /* Build configuration list for PBXNativeTarget "ReactiveWorksAppUITests" */;
			buildPhases = (
				198C223F2988042100557406 /* Sources */,
				198C22402988042100557406 /* Frameworks */,
				198C22412988042100557406 /* Resources */,
			);
			buildRules = (
			);
			dependencies = (
				198C22452988042100557406 /* PBXTargetDependency */,
			);
			name = ReactiveWorksAppUITests;
			productName = ReactiveWorksAppUITests;
			productReference = 198C22432988042100557406 /* ReactiveWorksAppUITests.xctest */;
			productType = "com.apple.product-type.bundle.ui-testing";
		};
/* End PBXNativeTarget section */

/* Begin PBXProject section */
		198C221B2988041F00557406 /* Project object */ = {
			isa = PBXProject;
			attributes = {
				BuildIndependentTargetsInParallel = 1;
				LastSwiftUpdateCheck = 1420;
				LastUpgradeCheck = 1420;
				TargetAttributes = {
					198C22222988041F00557406 = {
						CreatedOnToolsVersion = 14.2;
					};
					198C22382988042100557406 = {
						CreatedOnToolsVersion = 14.2;
						TestTargetID = 198C22222988041F00557406;
					};
					198C22422988042100557406 = {
						CreatedOnToolsVersion = 14.2;
						TestTargetID = 198C22222988041F00557406;
					};
				};
			};
			buildConfigurationList = 198C221E2988041F00557406 /* Build configuration list for PBXProject "ReactiveWorksApp" */;
			compatibilityVersion = "Xcode 14.0";
			developmentRegion = en;
			hasScannedForEncodings = 0;
			knownRegions = (
				en,
				Base,
			);
			mainGroup = 198C221A2988041F00557406;
			packageReferences = (
				198C22562988046C00557406 /* XCRemoteSwiftPackageReference "ReactiveWorks" */,
				19F51EC0298A7E5600346D83 /* XCRemoteSwiftPackageReference "Anchorage" */,
			);
			productRefGroup = 198C22242988041F00557406 /* Products */;
			projectDirPath = "";
			projectRoot = "";
			targets = (
				198C22222988041F00557406 /* ReactiveWorksApp */,
				198C22382988042100557406 /* ReactiveWorksAppTests */,
				198C22422988042100557406 /* ReactiveWorksAppUITests */,
			);
		};
/* End PBXProject section */

/* Begin PBXResourcesBuildPhase section */
		198C22212988041F00557406 /* Resources */ = {
			isa = PBXResourcesBuildPhase;
			buildActionMask = 2147483647;
			files = (
				198C22332988042100557406 /* LaunchScreen.storyboard in Resources */,
				198C22302988042100557406 /* Assets.xcassets in Resources */,
				198C222E2988042000557406 /* Main.storyboard in Resources */,
			);
			runOnlyForDeploymentPostprocessing = 0;
		};
		198C22372988042100557406 /* Resources */ = {
			isa = PBXResourcesBuildPhase;
			buildActionMask = 2147483647;
			files = (
			);
			runOnlyForDeploymentPostprocessing = 0;
		};
		198C22412988042100557406 /* Resources */ = {
			isa = PBXResourcesBuildPhase;
			buildActionMask = 2147483647;
			files = (
			);
			runOnlyForDeploymentPostprocessing = 0;
		};
/* End PBXResourcesBuildPhase section */

/* Begin PBXSourcesBuildPhase section */
		198C221F2988041F00557406 /* Sources */ = {
			isa = PBXSourcesBuildPhase;
			buildActionMask = 2147483647;
			files = (
				198C222B2988042000557406 /* ViewController.swift in Sources */,
				198C22272988041F00557406 /* AppDelegate.swift in Sources */,
				198C22292988042000557406 /* SceneDelegate.swift in Sources */,
			);
			runOnlyForDeploymentPostprocessing = 0;
		};
		198C22352988042100557406 /* Sources */ = {
			isa = PBXSourcesBuildPhase;
			buildActionMask = 2147483647;
			files = (
				198C223E2988042100557406 /* ReactiveWorksAppTests.swift in Sources */,
			);
			runOnlyForDeploymentPostprocessing = 0;
		};
		198C223F2988042100557406 /* Sources */ = {
			isa = PBXSourcesBuildPhase;
			buildActionMask = 2147483647;
			files = (
				198C224A2988042100557406 /* ReactiveWorksAppUITestsLaunchTests.swift in Sources */,
				198C22482988042100557406 /* ReactiveWorksAppUITests.swift in Sources */,
			);
			runOnlyForDeploymentPostprocessing = 0;
		};
/* End PBXSourcesBuildPhase section */

/* Begin PBXTargetDependency section */
		198C223B2988042100557406 /* PBXTargetDependency */ = {
			isa = PBXTargetDependency;
			target = 198C22222988041F00557406 /* ReactiveWorksApp */;
			targetProxy = 198C223A2988042100557406 /* PBXContainerItemProxy */;
		};
		198C22452988042100557406 /* PBXTargetDependency */ = {
			isa = PBXTargetDependency;
			target = 198C22222988041F00557406 /* ReactiveWorksApp */;
			targetProxy = 198C22442988042100557406 /* PBXContainerItemProxy */;
		};
/* End PBXTargetDependency section */

/* Begin PBXVariantGroup section */
		198C222C2988042000557406 /* Main.storyboard */ = {
			isa = PBXVariantGroup;
			children = (
				198C222D2988042000557406 /* Base */,
			);
			name = Main.storyboard;
			sourceTree = "<group>";
		};
		198C22312988042100557406 /* LaunchScreen.storyboard */ = {
			isa = PBXVariantGroup;
			children = (
				198C22322988042100557406 /* Base */,
			);
			name = LaunchScreen.storyboard;
			sourceTree = "<group>";
		};
/* End PBXVariantGroup section */

/* Begin XCBuildConfiguration section */
		198C224B2988042100557406 /* Debug */ = {
			isa = XCBuildConfiguration;
			buildSettings = {
				ALWAYS_SEARCH_USER_PATHS = NO;
				CLANG_ANALYZER_NONNULL = YES;
				CLANG_ANALYZER_NUMBER_OBJECT_CONVERSION = YES_AGGRESSIVE;
				CLANG_CXX_LANGUAGE_STANDARD = "gnu++20";
				CLANG_ENABLE_MODULES = YES;
				CLANG_ENABLE_OBJC_ARC = YES;
				CLANG_ENABLE_OBJC_WEAK = YES;
				CLANG_WARN_BLOCK_CAPTURE_AUTORELEASING = YES;
				CLANG_WARN_BOOL_CONVERSION = YES;
				CLANG_WARN_COMMA = YES;
				CLANG_WARN_CONSTANT_CONVERSION = YES;
				CLANG_WARN_DEPRECATED_OBJC_IMPLEMENTATIONS = YES;
				CLANG_WARN_DIRECT_OBJC_ISA_USAGE = YES_ERROR;
				CLANG_WARN_DOCUMENTATION_COMMENTS = YES;
				CLANG_WARN_EMPTY_BODY = YES;
				CLANG_WARN_ENUM_CONVERSION = YES;
				CLANG_WARN_INFINITE_RECURSION = YES;
				CLANG_WARN_INT_CONVERSION = YES;
				CLANG_WARN_NON_LITERAL_NULL_CONVERSION = YES;
				CLANG_WARN_OBJC_IMPLICIT_RETAIN_SELF = YES;
				CLANG_WARN_OBJC_LITERAL_CONVERSION = YES;
				CLANG_WARN_OBJC_ROOT_CLASS = YES_ERROR;
				CLANG_WARN_QUOTED_INCLUDE_IN_FRAMEWORK_HEADER = YES;
				CLANG_WARN_RANGE_LOOP_ANALYSIS = YES;
				CLANG_WARN_STRICT_PROTOTYPES = YES;
				CLANG_WARN_SUSPICIOUS_MOVE = YES;
				CLANG_WARN_UNGUARDED_AVAILABILITY = YES_AGGRESSIVE;
				CLANG_WARN_UNREACHABLE_CODE = YES;
				CLANG_WARN__DUPLICATE_METHOD_MATCH = YES;
				COPY_PHASE_STRIP = NO;
				DEBUG_INFORMATION_FORMAT = dwarf;
				ENABLE_STRICT_OBJC_MSGSEND = YES;
				ENABLE_TESTABILITY = YES;
				GCC_C_LANGUAGE_STANDARD = gnu11;
				GCC_DYNAMIC_NO_PIC = NO;
				GCC_NO_COMMON_BLOCKS = YES;
				GCC_OPTIMIZATION_LEVEL = 0;
				GCC_PREPROCESSOR_DEFINITIONS = (
					"DEBUG=1",
					"$(inherited)",
				);
				GCC_WARN_64_TO_32_BIT_CONVERSION = YES;
				GCC_WARN_ABOUT_RETURN_TYPE = YES_ERROR;
				GCC_WARN_UNDECLARED_SELECTOR = YES;
				GCC_WARN_UNINITIALIZED_AUTOS = YES_AGGRESSIVE;
				GCC_WARN_UNUSED_FUNCTION = YES;
				GCC_WARN_UNUSED_VARIABLE = YES;
				IPHONEOS_DEPLOYMENT_TARGET = 16.2;
				MTL_ENABLE_DEBUG_INFO = INCLUDE_SOURCE;
				MTL_FAST_MATH = YES;
				ONLY_ACTIVE_ARCH = YES;
				SDKROOT = iphoneos;
				SWIFT_ACTIVE_COMPILATION_CONDITIONS = DEBUG;
				SWIFT_OPTIMIZATION_LEVEL = "-Onone";
			};
			name = Debug;
		};
		198C224C2988042100557406 /* Release */ = {
			isa = XCBuildConfiguration;
			buildSettings = {
				ALWAYS_SEARCH_USER_PATHS = NO;
				CLANG_ANALYZER_NONNULL = YES;
				CLANG_ANALYZER_NUMBER_OBJECT_CONVERSION = YES_AGGRESSIVE;
				CLANG_CXX_LANGUAGE_STANDARD = "gnu++20";
				CLANG_ENABLE_MODULES = YES;
				CLANG_ENABLE_OBJC_ARC = YES;
				CLANG_ENABLE_OBJC_WEAK = YES;
				CLANG_WARN_BLOCK_CAPTURE_AUTORELEASING = YES;
				CLANG_WARN_BOOL_CONVERSION = YES;
				CLANG_WARN_COMMA = YES;
				CLANG_WARN_CONSTANT_CONVERSION = YES;
				CLANG_WARN_DEPRECATED_OBJC_IMPLEMENTATIONS = YES;
				CLANG_WARN_DIRECT_OBJC_ISA_USAGE = YES_ERROR;
				CLANG_WARN_DOCUMENTATION_COMMENTS = YES;
				CLANG_WARN_EMPTY_BODY = YES;
				CLANG_WARN_ENUM_CONVERSION = YES;
				CLANG_WARN_INFINITE_RECURSION = YES;
				CLANG_WARN_INT_CONVERSION = YES;
				CLANG_WARN_NON_LITERAL_NULL_CONVERSION = YES;
				CLANG_WARN_OBJC_IMPLICIT_RETAIN_SELF = YES;
				CLANG_WARN_OBJC_LITERAL_CONVERSION = YES;
				CLANG_WARN_OBJC_ROOT_CLASS = YES_ERROR;
				CLANG_WARN_QUOTED_INCLUDE_IN_FRAMEWORK_HEADER = YES;
				CLANG_WARN_RANGE_LOOP_ANALYSIS = YES;
				CLANG_WARN_STRICT_PROTOTYPES = YES;
				CLANG_WARN_SUSPICIOUS_MOVE = YES;
				CLANG_WARN_UNGUARDED_AVAILABILITY = YES_AGGRESSIVE;
				CLANG_WARN_UNREACHABLE_CODE = YES;
				CLANG_WARN__DUPLICATE_METHOD_MATCH = YES;
				COPY_PHASE_STRIP = NO;
				DEBUG_INFORMATION_FORMAT = "dwarf-with-dsym";
				ENABLE_NS_ASSERTIONS = NO;
				ENABLE_STRICT_OBJC_MSGSEND = YES;
				GCC_C_LANGUAGE_STANDARD = gnu11;
				GCC_NO_COMMON_BLOCKS = YES;
				GCC_WARN_64_TO_32_BIT_CONVERSION = YES;
				GCC_WARN_ABOUT_RETURN_TYPE = YES_ERROR;
				GCC_WARN_UNDECLARED_SELECTOR = YES;
				GCC_WARN_UNINITIALIZED_AUTOS = YES_AGGRESSIVE;
				GCC_WARN_UNUSED_FUNCTION = YES;
				GCC_WARN_UNUSED_VARIABLE = YES;
				IPHONEOS_DEPLOYMENT_TARGET = 16.2;
				MTL_ENABLE_DEBUG_INFO = NO;
				MTL_FAST_MATH = YES;
				SDKROOT = iphoneos;
				SWIFT_COMPILATION_MODE = wholemodule;
				SWIFT_OPTIMIZATION_LEVEL = "-O";
				VALIDATE_PRODUCT = YES;
			};
			name = Release;
		};
		198C224E2988042100557406 /* Debug */ = {
			isa = XCBuildConfiguration;
			buildSettings = {
				ASSETCATALOG_COMPILER_APPICON_NAME = AppIcon;
				ASSETCATALOG_COMPILER_GLOBAL_ACCENT_COLOR_NAME = AccentColor;
				CODE_SIGN_STYLE = Automatic;
				CURRENT_PROJECT_VERSION = 1;
				DEVELOPMENT_TEAM = 6MKP9BQB2K;
				GENERATE_INFOPLIST_FILE = YES;
				INFOPLIST_FILE = ReactiveWorksApp/Info.plist;
				INFOPLIST_KEY_UIApplicationSupportsIndirectInputEvents = YES;
				INFOPLIST_KEY_UILaunchStoryboardName = LaunchScreen;
				INFOPLIST_KEY_UIMainStoryboardFile = Main;
				INFOPLIST_KEY_UISupportedInterfaceOrientations_iPad = "UIInterfaceOrientationPortrait UIInterfaceOrientationPortraitUpsideDown UIInterfaceOrientationLandscapeLeft UIInterfaceOrientationLandscapeRight";
				INFOPLIST_KEY_UISupportedInterfaceOrientations_iPhone = "UIInterfaceOrientationPortrait UIInterfaceOrientationLandscapeLeft UIInterfaceOrientationLandscapeRight";
				LD_RUNPATH_SEARCH_PATHS = (
					"$(inherited)",
					"@executable_path/Frameworks",
				);
				MARKETING_VERSION = 1.0;
				PRODUCT_BUNDLE_IDENTIFIER = XYZProject.ReactiveWorksApp;
				PRODUCT_NAME = "$(TARGET_NAME)";
				SWIFT_EMIT_LOC_STRINGS = YES;
				SWIFT_VERSION = 5.0;
				TARGETED_DEVICE_FAMILY = "1,2";
			};
			name = Debug;
		};
		198C224F2988042100557406 /* Release */ = {
			isa = XCBuildConfiguration;
			buildSettings = {
				ASSETCATALOG_COMPILER_APPICON_NAME = AppIcon;
				ASSETCATALOG_COMPILER_GLOBAL_ACCENT_COLOR_NAME = AccentColor;
				CODE_SIGN_STYLE = Automatic;
				CURRENT_PROJECT_VERSION = 1;
				DEVELOPMENT_TEAM = 6MKP9BQB2K;
				GENERATE_INFOPLIST_FILE = YES;
				INFOPLIST_FILE = ReactiveWorksApp/Info.plist;
				INFOPLIST_KEY_UIApplicationSupportsIndirectInputEvents = YES;
				INFOPLIST_KEY_UILaunchStoryboardName = LaunchScreen;
				INFOPLIST_KEY_UIMainStoryboardFile = Main;
				INFOPLIST_KEY_UISupportedInterfaceOrientations_iPad = "UIInterfaceOrientationPortrait UIInterfaceOrientationPortraitUpsideDown UIInterfaceOrientationLandscapeLeft UIInterfaceOrientationLandscapeRight";
				INFOPLIST_KEY_UISupportedInterfaceOrientations_iPhone = "UIInterfaceOrientationPortrait UIInterfaceOrientationLandscapeLeft UIInterfaceOrientationLandscapeRight";
				LD_RUNPATH_SEARCH_PATHS = (
					"$(inherited)",
					"@executable_path/Frameworks",
				);
				MARKETING_VERSION = 1.0;
				PRODUCT_BUNDLE_IDENTIFIER = XYZProject.ReactiveWorksApp;
				PRODUCT_NAME = "$(TARGET_NAME)";
				SWIFT_EMIT_LOC_STRINGS = YES;
				SWIFT_VERSION = 5.0;
				TARGETED_DEVICE_FAMILY = "1,2";
			};
			name = Release;
		};
		198C22512988042100557406 /* Debug */ = {
			isa = XCBuildConfiguration;
			buildSettings = {
				ALWAYS_EMBED_SWIFT_STANDARD_LIBRARIES = YES;
				BUNDLE_LOADER = "$(TEST_HOST)";
				CODE_SIGN_STYLE = Automatic;
				CURRENT_PROJECT_VERSION = 1;
				DEVELOPMENT_TEAM = 6MKP9BQB2K;
				GENERATE_INFOPLIST_FILE = YES;
				IPHONEOS_DEPLOYMENT_TARGET = 16.2;
				MARKETING_VERSION = 1.0;
				PRODUCT_BUNDLE_IDENTIFIER = XYZProject.ReactiveWorksAppTests;
				PRODUCT_NAME = "$(TARGET_NAME)";
				SWIFT_EMIT_LOC_STRINGS = NO;
				SWIFT_VERSION = 5.0;
				TARGETED_DEVICE_FAMILY = "1,2";
				TEST_HOST = "$(BUILT_PRODUCTS_DIR)/ReactiveWorksApp.app/$(BUNDLE_EXECUTABLE_FOLDER_PATH)/ReactiveWorksApp";
			};
			name = Debug;
		};
		198C22522988042100557406 /* Release */ = {
			isa = XCBuildConfiguration;
			buildSettings = {
				ALWAYS_EMBED_SWIFT_STANDARD_LIBRARIES = YES;
				BUNDLE_LOADER = "$(TEST_HOST)";
				CODE_SIGN_STYLE = Automatic;
				CURRENT_PROJECT_VERSION = 1;
				DEVELOPMENT_TEAM = 6MKP9BQB2K;
				GENERATE_INFOPLIST_FILE = YES;
				IPHONEOS_DEPLOYMENT_TARGET = 16.2;
				MARKETING_VERSION = 1.0;
				PRODUCT_BUNDLE_IDENTIFIER = XYZProject.ReactiveWorksAppTests;
				PRODUCT_NAME = "$(TARGET_NAME)";
				SWIFT_EMIT_LOC_STRINGS = NO;
				SWIFT_VERSION = 5.0;
				TARGETED_DEVICE_FAMILY = "1,2";
				TEST_HOST = "$(BUILT_PRODUCTS_DIR)/ReactiveWorksApp.app/$(BUNDLE_EXECUTABLE_FOLDER_PATH)/ReactiveWorksApp";
			};
			name = Release;
		};
		198C22542988042100557406 /* Debug */ = {
			isa = XCBuildConfiguration;
			buildSettings = {
				ALWAYS_EMBED_SWIFT_STANDARD_LIBRARIES = YES;
				CODE_SIGN_STYLE = Automatic;
				CURRENT_PROJECT_VERSION = 1;
				DEVELOPMENT_TEAM = 6MKP9BQB2K;
				GENERATE_INFOPLIST_FILE = YES;
				MARKETING_VERSION = 1.0;
				PRODUCT_BUNDLE_IDENTIFIER = XYZProject.ReactiveWorksAppUITests;
				PRODUCT_NAME = "$(TARGET_NAME)";
				SWIFT_EMIT_LOC_STRINGS = NO;
				SWIFT_VERSION = 5.0;
				TARGETED_DEVICE_FAMILY = "1,2";
				TEST_TARGET_NAME = ReactiveWorksApp;
			};
			name = Debug;
		};
		198C22552988042100557406 /* Release */ = {
			isa = XCBuildConfiguration;
			buildSettings = {
				ALWAYS_EMBED_SWIFT_STANDARD_LIBRARIES = YES;
				CODE_SIGN_STYLE = Automatic;
				CURRENT_PROJECT_VERSION = 1;
				DEVELOPMENT_TEAM = 6MKP9BQB2K;
				GENERATE_INFOPLIST_FILE = YES;
				MARKETING_VERSION = 1.0;
				PRODUCT_BUNDLE_IDENTIFIER = XYZProject.ReactiveWorksAppUITests;
				PRODUCT_NAME = "$(TARGET_NAME)";
				SWIFT_EMIT_LOC_STRINGS = NO;
				SWIFT_VERSION = 5.0;
				TARGETED_DEVICE_FAMILY = "1,2";
				TEST_TARGET_NAME = ReactiveWorksApp;
			};
			name = Release;
		};
/* End XCBuildConfiguration section */

/* Begin XCConfigurationList section */
		198C221E2988041F00557406 /* Build configuration list for PBXProject "ReactiveWorksApp" */ = {
			isa = XCConfigurationList;
			buildConfigurations = (
				198C224B2988042100557406 /* Debug */,
				198C224C2988042100557406 /* Release */,
			);
			defaultConfigurationIsVisible = 0;
			defaultConfigurationName = Release;
		};
		198C224D2988042100557406 /* Build configuration list for PBXNativeTarget "ReactiveWorksApp" */ = {
			isa = XCConfigurationList;
			buildConfigurations = (
				198C224E2988042100557406 /* Debug */,
				198C224F2988042100557406 /* Release */,
			);
			defaultConfigurationIsVisible = 0;
			defaultConfigurationName = Release;
		};
		198C22502988042100557406 /* Build configuration list for PBXNativeTarget "ReactiveWorksAppTests" */ = {
			isa = XCConfigurationList;
			buildConfigurations = (
				198C22512988042100557406 /* Debug */,
				198C22522988042100557406 /* Release */,
			);
			defaultConfigurationIsVisible = 0;
			defaultConfigurationName = Release;
		};
		198C22532988042100557406 /* Build configuration list for PBXNativeTarget "ReactiveWorksAppUITests" */ = {
			isa = XCConfigurationList;
			buildConfigurations = (
				198C22542988042100557406 /* Debug */,
				198C22552988042100557406 /* Release */,
			);
			defaultConfigurationIsVisible = 0;
			defaultConfigurationName = Release;
		};
/* End XCConfigurationList section */

/* Begin XCRemoteSwiftPackageReference section */
		198C22562988046C00557406 /* XCRemoteSwiftPackageReference "ReactiveWorks" */ = {
			isa = XCRemoteSwiftPackageReference;
			repositoryURL = "https://github.com/setixela/ReactiveWorks";
			requirement = {
				branch = master;
				kind = branch;
			};
		};
		19F51EC0298A7E5600346D83 /* XCRemoteSwiftPackageReference "Anchorage" */ = {
			isa = XCRemoteSwiftPackageReference;
			repositoryURL = "https://github.com/setixela/Anchorage.git";
			requirement = {
				branch = main;
				kind = branch;
			};
		};
/* End XCRemoteSwiftPackageReference section */

/* Begin XCSwiftPackageProductDependency section */
		198C22572988046C00557406 /* ReactiveWorks */ = {
			isa = XCSwiftPackageProductDependency;
			package = 198C22562988046C00557406 /* XCRemoteSwiftPackageReference "ReactiveWorks" */;
			productName = ReactiveWorks;
		};
		19F51EC1298A7E5600346D83 /* Anchorage */ = {
			isa = XCSwiftPackageProductDependency;
			package = 19F51EC0298A7E5600346D83 /* XCRemoteSwiftPackageReference "Anchorage" */;
			productName = Anchorage;
		};
/* End XCSwiftPackageProductDependency section */
	};
	rootObject = 198C221B2988041F00557406 /* Project object */;
}
